
Microsoft Visual Studio Solution File, Format Version 12.00
# Visual Studio Version 16
VisualStudioVersion = 16.0.29519.87
MinimumVisualStudioVersion = 10.0.40219.1
Project("{9A19103F-16F7-4668-BE54-9A1E7A4F7556}") = "MsdialWorkbench", "MsdialWorkbench\MsdialWorkbench.csproj", "{4876E2C7-0EB3-40E0-B48A-DC21A3A0D3A6}"
EndProject
Project("{FAE04EC0-301F-11D3-BF4B-00C04F79EFBC}") = "BarChart", "BarChart\BarChart.csproj", "{A3AC4D50-9249-478D-BE03-0465FD00EF2F}"
EndProject
Project("{FAE04EC0-301F-11D3-BF4B-00C04F79EFBC}") = "Chromatogram", "ChromatogramUI\Chromatogram.csproj", "{6DCED6BB-4107-40C9-A9EF-D60658C385C0}"
EndProject
Project("{FAE04EC0-301F-11D3-BF4B-00C04F79EFBC}") = "CommonMVVM", "CommonMVVM\CommonMVVM.csproj", "{D7BC52DE-CDF0-4F78-B23E-EF2434D14029}"
EndProject
Project("{FAE04EC0-301F-11D3-BF4B-00C04F79EFBC}") = "KeggApiConsoleApp", "KeggApiConsoleApp\KeggApiConsoleApp.csproj", "{D3DB703C-BA48-4635-8C42-74ECAB76C885}"
EndProject
Project("{FAE04EC0-301F-11D3-BF4B-00C04F79EFBC}") = "MassSpectrogramMsfinder", "MassSpectrogramMsfinder\MassSpectrogramMsfinder.csproj", "{68A6A63D-489A-4E21-84E1-AFC885B9A95E}"
EndProject
Project("{FAE04EC0-301F-11D3-BF4B-00C04F79EFBC}") = "MonoisotopicIonCalculatorApp", "MonoisotopicIonCalculatorApp\MonoisotopicIonCalculatorApp.csproj", "{3951C285-7E2A-45B6-91C8-B5854F0F65D7}"
EndProject
Project("{FAE04EC0-301F-11D3-BF4B-00C04F79EFBC}") = "MSFINDER", "MsFinder\MSFINDER.csproj", "{37F1BB27-1361-46AE-AE71-14A51055E35B}"
EndProject
Project("{FAE04EC0-301F-11D3-BF4B-00C04F79EFBC}") = "PairwisePlotCommon", "PairwisePlotCommon\PairwisePlotCommon.csproj", "{1DDACBB2-AC43-40BD-B094-091458158523}"
EndProject
Project("{FAE04EC0-301F-11D3-BF4B-00C04F79EFBC}") = "StructureFinderConsoleApp", "StructureFinderConsoleApp\StructureFinderConsoleApp.csproj", "{86885B4A-4080-4C44-BAA7-D581745D26F3}"
EndProject
Project("{FAE04EC0-301F-11D3-BF4B-00C04F79EFBC}") = "RawDataHandlerConsoleApp", "RawDataHandlerConsoleApp\RawDataHandlerConsoleApp.csproj", "{0C3CAF47-69C1-4F16-8006-CB7FB7004CB7}"
EndProject
Project("{FAE04EC0-301F-11D3-BF4B-00C04F79EFBC}") = "RawDataHandlerGuiApp", "RawDataHandlerGuiApp\RawDataHandlerGuiApp.csproj", "{730BC91E-8C0E-457E-B13B-22EE59E68B1D}"
EndProject
Project("{FAE04EC0-301F-11D3-BF4B-00C04F79EFBC}") = "ChartDrawing", "ChartDrawing\ChartDrawing.csproj", "{6131640B-30E6-4606-A394-BE953590F3E9}"
EndProject
Project("{FAE04EC0-301F-11D3-BF4B-00C04F79EFBC}") = "ColorPickerWpfApp", "ColorPickerWpfApp\ColorPickerWpfApp.csproj", "{DF1C7411-8616-4566-952D-7C6344309C87}"
EndProject
Project("{FAE04EC0-301F-11D3-BF4B-00C04F79EFBC}") = "ChartDrawingTests", "ChartDrawingTests\ChartDrawingTests.csproj", "{D5940EE8-8826-4C8B-BC8D-8308BD1B9E95}"
EndProject
Project("{FAE04EC0-301F-11D3-BF4B-00C04F79EFBC}") = "ChartDrawingUiTest", "ChartDrawingUiTest\ChartDrawingUiTest.csproj", "{9656B2ED-B9D7-47D5-95C9-5336D8374972}"
EndProject
Project("{FAE04EC0-301F-11D3-BF4B-00C04F79EFBC}") = "DatabaseParserConsoleApp", "DatabaseParserConsoleApp\DatabaseParserConsoleApp.csproj", "{50CE8B07-17DA-4AB4-A096-BE6F48E2EF7F}"
EndProject
Project("{FAE04EC0-301F-11D3-BF4B-00C04F79EFBC}") = "LipidomicsRtManager", "LipidomicsRtManageProgram\LipidomicsRtManager.csproj", "{E523391D-9817-4344-B848-36A3DB4A7EE4}"
EndProject
Project("{FAE04EC0-301F-11D3-BF4B-00C04F79EFBC}") = "MonaExport", "MonaExport\MonaExport.csproj", "{3232EF20-FADB-47C5-958F-4EAB0EEE2F91}"
EndProject
Project("{FAE04EC0-301F-11D3-BF4B-00C04F79EFBC}") = "MonaRestApi", "MonaRestApi\MonaRestApi.csproj", "{D4610DBD-360C-4310-8CB0-FFB9E24545C1}"
EndProject
Project("{FAE04EC0-301F-11D3-BF4B-00C04F79EFBC}") = "MonaRestApiTests", "MonaRestApiTests\MonaRestApiTests.csproj", "{1DC75792-8CC8-4274-B29C-B1023127356D}"
EndProject
Project("{FAE04EC0-301F-11D3-BF4B-00C04F79EFBC}") = "MonaRunner", "MonaRunner\MonaRunner.csproj", "{893C1D02-AAFC-4A74-86B9-5420E8FBD4FE}"
EndProject
Project("{FAE04EC0-301F-11D3-BF4B-00C04F79EFBC}") = "MSDIAL", "MsDial\MSDIAL.csproj", "{9AD54C44-CFE7-481B-9A55-A11A6A1D4A38}"
EndProject
Project("{FAE04EC0-301F-11D3-BF4B-00C04F79EFBC}") = "MsdialCommon", "MsdialCommon\MsdialCommon.csproj", "{049645F4-4EA5-41A2-B369-22D23FB09040}"
EndProject
Project("{FAE04EC0-301F-11D3-BF4B-00C04F79EFBC}") = "MsdialMolecularNetworkingConsoleApp", "MsdialMolecularNetworkingConsoleApp\MsdialMolecularNetworkingConsoleApp.csproj", "{7CE87CA1-CF35-4314-9757-4FC0FB006C3F}"
EndProject
Project("{FAE04EC0-301F-11D3-BF4B-00C04F79EFBC}") = "MsdialPrivateConsoleApp", "MsdialPrivateConsoleApp\MsdialPrivateConsoleApp.csproj", "{8D53BF56-44A3-41AD-B3FA-E7727657DB3E}"
EndProject
Project("{FAE04EC0-301F-11D3-BF4B-00C04F79EFBC}") = "PairwisePlot", "PairwisePlot\PairwisePlot.csproj", "{9F9CCFC8-5B22-4BCE-81B1-04C09EC717D2}"
EndProject
Project("{FAE04EC0-301F-11D3-BF4B-00C04F79EFBC}") = "PathwayMapApp", "PathwayMapApp\PathwayMapApp.csproj", "{F23A4819-946F-4F93-94AD-65E3B1683CD6}"
EndProject
Project("{FAE04EC0-301F-11D3-BF4B-00C04F79EFBC}") = "PathwayMap", "PathwayMap\PathwayMap.csproj", "{7C8BF853-6F34-4CBD-BEC9-6D1AEA199947}"
EndProject
Project("{FAE04EC0-301F-11D3-BF4B-00C04F79EFBC}") = "PdfExporter", "PdfExporter\PdfExporter.csproj", "{227E13A4-6C2F-4BFD-8597-0DA0F77AB642}"
EndProject
Project("{FAE04EC0-301F-11D3-BF4B-00C04F79EFBC}") = "StatisticsTests", "StatisticsTests\StatisticsTests.csproj", "{BE80842B-9747-4BFC-A5B4-1845051AA1D0}"
EndProject
Project("{FAE04EC0-301F-11D3-BF4B-00C04F79EFBC}") = "MassSpectrogram", "MassSpectrogram\MassSpectrogram.csproj", "{9ADB8ED7-1D30-45BF-8AC5-A3CCF19AFD65}"
EndProject
Project("{9A19103F-16F7-4668-BE54-9A1E7A4F7556}") = "NCDK", "NCDK\NCDK.csproj", "{7976AEFC-8382-47D3-BA50-55FA18BABADF}"
EndProject
Project("{9A19103F-16F7-4668-BE54-9A1E7A4F7556}") = "NCDK.Display", "NCDK.Display\NCDK.Display.csproj", "{20E728F8-C648-4F96-AE56-B7A7A185D941}"
EndProject
Project("{9A19103F-16F7-4668-BE54-9A1E7A4F7556}") = "CommonStandard", "CommonStandard\CommonStandard.csproj", "{EB161441-A663-485F-8CD6-D1D5794F7AD9}"
EndProject
Project("{9A19103F-16F7-4668-BE54-9A1E7A4F7556}") = "BinVestigateRestApiStandard", "BinVestigateRestApiStandard\BinVestigateRestApiStandard.csproj", "{56759084-F7C0-4AA6-AB4E-2F8E13927029}"
EndProject
Project("{9A19103F-16F7-4668-BE54-9A1E7A4F7556}") = "ClassyfireApiStandard", "ClassyfireApiStandard\ClassyfireApiStandard.csproj", "{6EA1F526-FDB2-4C49-ACB4-69E26ABD44D8}"
EndProject
Project("{9A19103F-16F7-4668-BE54-9A1E7A4F7556}") = "DatabaseStandard", "DatabaseStandard\DatabaseStandard.csproj", "{BA6683C6-0CD8-4B04-B7DC-1A9EB5AA0B31}"
EndProject
Project("{9A19103F-16F7-4668-BE54-9A1E7A4F7556}") = "MathematicsStandard", "MathematicsStandard\MathematicsStandard.csproj", "{6EDC27B3-4A32-4A20-99F9-035CDDF9104F}"
EndProject
Project("{9A19103F-16F7-4668-BE54-9A1E7A4F7556}") = "MolecularFormulaFinderStandard", "MolecularFormulaFinderStandard\MolecularFormulaFinderStandard.csproj", "{48AF1683-F885-4CFD-9171-5D0BFD023049}"
EndProject
Project("{9A19103F-16F7-4668-BE54-9A1E7A4F7556}") = "DataProcessingStandard", "DataProcessingStandard\DataProcessingStandard.csproj", "{3C1F2344-609F-4939-A6BE-2AE4327C26A0}"
EndProject
Project("{9A19103F-16F7-4668-BE54-9A1E7A4F7556}") = "IsotopeRatioCalculatorStandard", "IsotopeRatioCalculatorStandard\IsotopeRatioCalculatorStandard.csproj", "{550A1E94-87D0-4244-8E25-23C7A4321A9A}"
EndProject
Project("{9A19103F-16F7-4668-BE54-9A1E7A4F7556}") = "KeggApiStandard", "KeggApiStandard\KeggApiStandard.csproj", "{A71720AA-193B-4A83-8F32-D76D975F5657}"
EndProject
Project("{9A19103F-16F7-4668-BE54-9A1E7A4F7556}") = "MsdialGcmsProcessStandard", "MsdialGcmsProcessStandard\MsdialGcmsProcessStandard.csproj", "{ED56A430-B975-4073-B8A2-7115B4FD8FCC}"
EndProject
Project("{9A19103F-16F7-4668-BE54-9A1E7A4F7556}") = "MsdialLcmsProcessStandard", "MsdialLcmsProcessStandard\MsdialLcmsProcessStandard.csproj", "{F4B299D9-6DC4-4535-88C6-302C299A1AAC}"
EndProject
Project("{9A19103F-16F7-4668-BE54-9A1E7A4F7556}") = "RawDataHandlerStandard", "RawDataHandlerStandard\RawDataHandlerStandard.csproj", "{6C2831A2-F1DD-4FC6-A31B-6B9EE894298B}"
EndProject
Project("{9A19103F-16F7-4668-BE54-9A1E7A4F7556}") = "MsfinderCommonStandard", "MsfinderCommonStandard\MsfinderCommonStandard.csproj", "{182C56F1-1714-47A8-B402-095E0762E851}"
EndProject
Project("{9A19103F-16F7-4668-BE54-9A1E7A4F7556}") = "PugRestApiStandard", "PugRestApiStandard\PugRestApiStandard.csproj", "{8E910488-8CEB-446B-8F8B-AE04C660C6A6}"
EndProject
Project("{9A19103F-16F7-4668-BE54-9A1E7A4F7556}") = "StructureFinderStandard", "StructureFinderStandard\StructureFinderStandard.csproj", "{0001B4AC-83AE-4011-B314-085C8D3F6157}"
EndProject
Project("{9A19103F-16F7-4668-BE54-9A1E7A4F7556}") = "MsdialCommonStandard", "MsdialCommonStandard\MsdialCommonStandard.csproj", "{3EB51181-6D4B-47E5-BB71-40C4F252CE25}"
EndProject
Project("{9A19103F-16F7-4668-BE54-9A1E7A4F7556}") = "MsdialConsoleAppCore", "MsdialConsoleAppCore\MsdialConsoleAppCore.csproj", "{36AF6B09-5689-4E06-BE53-B46358567C53}"
EndProject
Project("{9A19103F-16F7-4668-BE54-9A1E7A4F7556}") = "MsfinderConsoleAppCore", "MsfinderConsoleAppCore\MsfinderConsoleAppCore.csproj", "{F59D72CB-8A4A-420C-AA54-65C9B350E8C7}"
EndProject
Project("{9A19103F-16F7-4668-BE54-9A1E7A4F7556}") = "DataStructureStandard", "DataStructureStandard\DataStructureStandard.csproj", "{5E5E4A91-1AA2-4A3C-8CEA-0DA67B6B5D4C}"
EndProject
Project("{FAE04EC0-301F-11D3-BF4B-00C04F79EFBC}") = "MolViewer", "MolViewer\MolViewer.csproj", "{6D6E44EC-A467-461F-AF6B-83A9D575EF76}"
EndProject
Project("{FAE04EC0-301F-11D3-BF4B-00C04F79EFBC}") = "ClassyfireConsoleApp", "ClassyfireConsoleApp\ClassyfireConsoleApp.csproj", "{F6484267-B235-4CC5-8AC8-96A676219D51}"
EndProject
Project("{FAE04EC0-301F-11D3-BF4B-00C04F79EFBC}") = "DataStructureTest", "DataStructureTest\DataStructureTest.csproj", "{B0E8E6D7-39B8-4B1F-BBC0-B05337672129}"
EndProject
Project("{9A19103F-16F7-4668-BE54-9A1E7A4F7556}") = "CommonStandardTests", "CommonStandardTests\CommonStandardTests.csproj", "{629337F8-F6E7-41F2-8DF7-FEBA23AF1222}"
EndProject
Global
	GlobalSection(SolutionConfigurationPlatforms) = preSolution
		Debug|Any CPU = Debug|Any CPU
		Release|Any CPU = Release|Any CPU
	EndGlobalSection
	GlobalSection(ProjectConfigurationPlatforms) = postSolution
		{4876E2C7-0EB3-40E0-B48A-DC21A3A0D3A6}.Debug|Any CPU.ActiveCfg = Debug|Any CPU
		{4876E2C7-0EB3-40E0-B48A-DC21A3A0D3A6}.Debug|Any CPU.Build.0 = Debug|Any CPU
		{4876E2C7-0EB3-40E0-B48A-DC21A3A0D3A6}.Release|Any CPU.ActiveCfg = Release|Any CPU
		{4876E2C7-0EB3-40E0-B48A-DC21A3A0D3A6}.Release|Any CPU.Build.0 = Release|Any CPU
		{A3AC4D50-9249-478D-BE03-0465FD00EF2F}.Debug|Any CPU.ActiveCfg = Debug|Any CPU
		{A3AC4D50-9249-478D-BE03-0465FD00EF2F}.Debug|Any CPU.Build.0 = Debug|Any CPU
		{A3AC4D50-9249-478D-BE03-0465FD00EF2F}.Release|Any CPU.ActiveCfg = Release|Any CPU
		{A3AC4D50-9249-478D-BE03-0465FD00EF2F}.Release|Any CPU.Build.0 = Release|Any CPU
		{6DCED6BB-4107-40C9-A9EF-D60658C385C0}.Debug|Any CPU.ActiveCfg = Debug|Any CPU
		{6DCED6BB-4107-40C9-A9EF-D60658C385C0}.Debug|Any CPU.Build.0 = Debug|Any CPU
		{6DCED6BB-4107-40C9-A9EF-D60658C385C0}.Release|Any CPU.ActiveCfg = Release|Any CPU
		{6DCED6BB-4107-40C9-A9EF-D60658C385C0}.Release|Any CPU.Build.0 = Release|Any CPU
		{D7BC52DE-CDF0-4F78-B23E-EF2434D14029}.Debug|Any CPU.ActiveCfg = Debug|Any CPU
		{D7BC52DE-CDF0-4F78-B23E-EF2434D14029}.Debug|Any CPU.Build.0 = Debug|Any CPU
		{D7BC52DE-CDF0-4F78-B23E-EF2434D14029}.Release|Any CPU.ActiveCfg = Release|Any CPU
		{D7BC52DE-CDF0-4F78-B23E-EF2434D14029}.Release|Any CPU.Build.0 = Release|Any CPU
		{D3DB703C-BA48-4635-8C42-74ECAB76C885}.Debug|Any CPU.ActiveCfg = Debug|Any CPU
		{D3DB703C-BA48-4635-8C42-74ECAB76C885}.Debug|Any CPU.Build.0 = Debug|Any CPU
		{D3DB703C-BA48-4635-8C42-74ECAB76C885}.Release|Any CPU.ActiveCfg = Release|Any CPU
		{D3DB703C-BA48-4635-8C42-74ECAB76C885}.Release|Any CPU.Build.0 = Release|Any CPU
		{68A6A63D-489A-4E21-84E1-AFC885B9A95E}.Debug|Any CPU.ActiveCfg = Debug|Any CPU
		{68A6A63D-489A-4E21-84E1-AFC885B9A95E}.Debug|Any CPU.Build.0 = Debug|Any CPU
		{68A6A63D-489A-4E21-84E1-AFC885B9A95E}.Release|Any CPU.ActiveCfg = Release|Any CPU
		{68A6A63D-489A-4E21-84E1-AFC885B9A95E}.Release|Any CPU.Build.0 = Release|Any CPU
		{3951C285-7E2A-45B6-91C8-B5854F0F65D7}.Debug|Any CPU.ActiveCfg = Debug|Any CPU
		{3951C285-7E2A-45B6-91C8-B5854F0F65D7}.Debug|Any CPU.Build.0 = Debug|Any CPU
		{3951C285-7E2A-45B6-91C8-B5854F0F65D7}.Release|Any CPU.ActiveCfg = Release|Any CPU
		{3951C285-7E2A-45B6-91C8-B5854F0F65D7}.Release|Any CPU.Build.0 = Release|Any CPU
		{37F1BB27-1361-46AE-AE71-14A51055E35B}.Debug|Any CPU.ActiveCfg = Debug|Any CPU
		{37F1BB27-1361-46AE-AE71-14A51055E35B}.Debug|Any CPU.Build.0 = Debug|Any CPU
		{37F1BB27-1361-46AE-AE71-14A51055E35B}.Release|Any CPU.ActiveCfg = Release|Any CPU
		{37F1BB27-1361-46AE-AE71-14A51055E35B}.Release|Any CPU.Build.0 = Release|Any CPU
		{1DDACBB2-AC43-40BD-B094-091458158523}.Debug|Any CPU.ActiveCfg = Debug|Any CPU
		{1DDACBB2-AC43-40BD-B094-091458158523}.Debug|Any CPU.Build.0 = Debug|Any CPU
		{1DDACBB2-AC43-40BD-B094-091458158523}.Release|Any CPU.ActiveCfg = Release|Any CPU
		{1DDACBB2-AC43-40BD-B094-091458158523}.Release|Any CPU.Build.0 = Release|Any CPU
		{86885B4A-4080-4C44-BAA7-D581745D26F3}.Debug|Any CPU.ActiveCfg = Debug|Any CPU
		{86885B4A-4080-4C44-BAA7-D581745D26F3}.Debug|Any CPU.Build.0 = Debug|Any CPU
		{86885B4A-4080-4C44-BAA7-D581745D26F3}.Release|Any CPU.ActiveCfg = Release|Any CPU
		{86885B4A-4080-4C44-BAA7-D581745D26F3}.Release|Any CPU.Build.0 = Release|Any CPU
		{0C3CAF47-69C1-4F16-8006-CB7FB7004CB7}.Debug|Any CPU.ActiveCfg = Debug|Any CPU
		{0C3CAF47-69C1-4F16-8006-CB7FB7004CB7}.Debug|Any CPU.Build.0 = Debug|Any CPU
		{0C3CAF47-69C1-4F16-8006-CB7FB7004CB7}.Release|Any CPU.ActiveCfg = Release|Any CPU
		{0C3CAF47-69C1-4F16-8006-CB7FB7004CB7}.Release|Any CPU.Build.0 = Release|Any CPU
		{730BC91E-8C0E-457E-B13B-22EE59E68B1D}.Debug|Any CPU.ActiveCfg = Debug|Any CPU
		{730BC91E-8C0E-457E-B13B-22EE59E68B1D}.Debug|Any CPU.Build.0 = Debug|Any CPU
		{730BC91E-8C0E-457E-B13B-22EE59E68B1D}.Release|Any CPU.ActiveCfg = Release|Any CPU
		{730BC91E-8C0E-457E-B13B-22EE59E68B1D}.Release|Any CPU.Build.0 = Release|Any CPU
		{6131640B-30E6-4606-A394-BE953590F3E9}.Debug|Any CPU.ActiveCfg = Debug|Any CPU
		{6131640B-30E6-4606-A394-BE953590F3E9}.Debug|Any CPU.Build.0 = Debug|Any CPU
		{6131640B-30E6-4606-A394-BE953590F3E9}.Release|Any CPU.ActiveCfg = Release|Any CPU
		{6131640B-30E6-4606-A394-BE953590F3E9}.Release|Any CPU.Build.0 = Release|Any CPU
		{DF1C7411-8616-4566-952D-7C6344309C87}.Debug|Any CPU.ActiveCfg = Debug|Any CPU
		{DF1C7411-8616-4566-952D-7C6344309C87}.Debug|Any CPU.Build.0 = Debug|Any CPU
		{DF1C7411-8616-4566-952D-7C6344309C87}.Release|Any CPU.ActiveCfg = Release|Any CPU
		{DF1C7411-8616-4566-952D-7C6344309C87}.Release|Any CPU.Build.0 = Release|Any CPU
		{D5940EE8-8826-4C8B-BC8D-8308BD1B9E95}.Debug|Any CPU.ActiveCfg = Debug|Any CPU
		{D5940EE8-8826-4C8B-BC8D-8308BD1B9E95}.Debug|Any CPU.Build.0 = Debug|Any CPU
		{D5940EE8-8826-4C8B-BC8D-8308BD1B9E95}.Release|Any CPU.ActiveCfg = Release|Any CPU
		{D5940EE8-8826-4C8B-BC8D-8308BD1B9E95}.Release|Any CPU.Build.0 = Release|Any CPU
		{9656B2ED-B9D7-47D5-95C9-5336D8374972}.Debug|Any CPU.ActiveCfg = Debug|Any CPU
		{9656B2ED-B9D7-47D5-95C9-5336D8374972}.Debug|Any CPU.Build.0 = Debug|Any CPU
		{9656B2ED-B9D7-47D5-95C9-5336D8374972}.Release|Any CPU.ActiveCfg = Release|Any CPU
		{9656B2ED-B9D7-47D5-95C9-5336D8374972}.Release|Any CPU.Build.0 = Release|Any CPU
		{50CE8B07-17DA-4AB4-A096-BE6F48E2EF7F}.Debug|Any CPU.ActiveCfg = Debug|Any CPU
		{50CE8B07-17DA-4AB4-A096-BE6F48E2EF7F}.Debug|Any CPU.Build.0 = Debug|Any CPU
		{50CE8B07-17DA-4AB4-A096-BE6F48E2EF7F}.Release|Any CPU.ActiveCfg = Release|Any CPU
		{50CE8B07-17DA-4AB4-A096-BE6F48E2EF7F}.Release|Any CPU.Build.0 = Release|Any CPU
		{E523391D-9817-4344-B848-36A3DB4A7EE4}.Debug|Any CPU.ActiveCfg = Debug|Any CPU
		{E523391D-9817-4344-B848-36A3DB4A7EE4}.Debug|Any CPU.Build.0 = Debug|Any CPU
		{E523391D-9817-4344-B848-36A3DB4A7EE4}.Release|Any CPU.ActiveCfg = Release|Any CPU
		{E523391D-9817-4344-B848-36A3DB4A7EE4}.Release|Any CPU.Build.0 = Release|Any CPU
		{3232EF20-FADB-47C5-958F-4EAB0EEE2F91}.Debug|Any CPU.ActiveCfg = Debug|Any CPU
		{3232EF20-FADB-47C5-958F-4EAB0EEE2F91}.Debug|Any CPU.Build.0 = Debug|Any CPU
		{3232EF20-FADB-47C5-958F-4EAB0EEE2F91}.Release|Any CPU.ActiveCfg = Release|Any CPU
		{3232EF20-FADB-47C5-958F-4EAB0EEE2F91}.Release|Any CPU.Build.0 = Release|Any CPU
		{D4610DBD-360C-4310-8CB0-FFB9E24545C1}.Debug|Any CPU.ActiveCfg = Debug|Any CPU
		{D4610DBD-360C-4310-8CB0-FFB9E24545C1}.Debug|Any CPU.Build.0 = Debug|Any CPU
		{D4610DBD-360C-4310-8CB0-FFB9E24545C1}.Release|Any CPU.ActiveCfg = Release|Any CPU
		{D4610DBD-360C-4310-8CB0-FFB9E24545C1}.Release|Any CPU.Build.0 = Release|Any CPU
		{1DC75792-8CC8-4274-B29C-B1023127356D}.Debug|Any CPU.ActiveCfg = Debug|Any CPU
		{1DC75792-8CC8-4274-B29C-B1023127356D}.Debug|Any CPU.Build.0 = Debug|Any CPU
		{1DC75792-8CC8-4274-B29C-B1023127356D}.Release|Any CPU.ActiveCfg = Release|Any CPU
		{1DC75792-8CC8-4274-B29C-B1023127356D}.Release|Any CPU.Build.0 = Release|Any CPU
		{893C1D02-AAFC-4A74-86B9-5420E8FBD4FE}.Debug|Any CPU.ActiveCfg = Debug|Any CPU
		{893C1D02-AAFC-4A74-86B9-5420E8FBD4FE}.Debug|Any CPU.Build.0 = Debug|Any CPU
		{893C1D02-AAFC-4A74-86B9-5420E8FBD4FE}.Release|Any CPU.ActiveCfg = Release|Any CPU
		{893C1D02-AAFC-4A74-86B9-5420E8FBD4FE}.Release|Any CPU.Build.0 = Release|Any CPU
		{9AD54C44-CFE7-481B-9A55-A11A6A1D4A38}.Debug|Any CPU.ActiveCfg = Debug|Any CPU
		{9AD54C44-CFE7-481B-9A55-A11A6A1D4A38}.Debug|Any CPU.Build.0 = Debug|Any CPU
		{9AD54C44-CFE7-481B-9A55-A11A6A1D4A38}.Release|Any CPU.ActiveCfg = Release|Any CPU
		{9AD54C44-CFE7-481B-9A55-A11A6A1D4A38}.Release|Any CPU.Build.0 = Release|Any CPU
		{049645F4-4EA5-41A2-B369-22D23FB09040}.Debug|Any CPU.ActiveCfg = Debug|Any CPU
		{049645F4-4EA5-41A2-B369-22D23FB09040}.Debug|Any CPU.Build.0 = Debug|Any CPU
		{049645F4-4EA5-41A2-B369-22D23FB09040}.Release|Any CPU.ActiveCfg = Release|Any CPU
		{049645F4-4EA5-41A2-B369-22D23FB09040}.Release|Any CPU.Build.0 = Release|Any CPU
		{7CE87CA1-CF35-4314-9757-4FC0FB006C3F}.Debug|Any CPU.ActiveCfg = Debug|Any CPU
		{7CE87CA1-CF35-4314-9757-4FC0FB006C3F}.Debug|Any CPU.Build.0 = Debug|Any CPU
		{7CE87CA1-CF35-4314-9757-4FC0FB006C3F}.Release|Any CPU.ActiveCfg = Release|Any CPU
		{7CE87CA1-CF35-4314-9757-4FC0FB006C3F}.Release|Any CPU.Build.0 = Release|Any CPU
		{8D53BF56-44A3-41AD-B3FA-E7727657DB3E}.Debug|Any CPU.ActiveCfg = Debug|Any CPU
		{8D53BF56-44A3-41AD-B3FA-E7727657DB3E}.Debug|Any CPU.Build.0 = Debug|Any CPU
		{8D53BF56-44A3-41AD-B3FA-E7727657DB3E}.Release|Any CPU.ActiveCfg = Release|Any CPU
		{8D53BF56-44A3-41AD-B3FA-E7727657DB3E}.Release|Any CPU.Build.0 = Release|Any CPU
		{9F9CCFC8-5B22-4BCE-81B1-04C09EC717D2}.Debug|Any CPU.ActiveCfg = Debug|Any CPU
		{9F9CCFC8-5B22-4BCE-81B1-04C09EC717D2}.Debug|Any CPU.Build.0 = Debug|Any CPU
		{9F9CCFC8-5B22-4BCE-81B1-04C09EC717D2}.Release|Any CPU.ActiveCfg = Release|Any CPU
		{9F9CCFC8-5B22-4BCE-81B1-04C09EC717D2}.Release|Any CPU.Build.0 = Release|Any CPU
		{F23A4819-946F-4F93-94AD-65E3B1683CD6}.Debug|Any CPU.ActiveCfg = Debug|Any CPU
		{F23A4819-946F-4F93-94AD-65E3B1683CD6}.Debug|Any CPU.Build.0 = Debug|Any CPU
		{F23A4819-946F-4F93-94AD-65E3B1683CD6}.Release|Any CPU.ActiveCfg = Release|Any CPU
		{F23A4819-946F-4F93-94AD-65E3B1683CD6}.Release|Any CPU.Build.0 = Release|Any CPU
		{7C8BF853-6F34-4CBD-BEC9-6D1AEA199947}.Debug|Any CPU.ActiveCfg = Debug|Any CPU
		{7C8BF853-6F34-4CBD-BEC9-6D1AEA199947}.Debug|Any CPU.Build.0 = Debug|Any CPU
		{7C8BF853-6F34-4CBD-BEC9-6D1AEA199947}.Release|Any CPU.ActiveCfg = Release|Any CPU
		{7C8BF853-6F34-4CBD-BEC9-6D1AEA199947}.Release|Any CPU.Build.0 = Release|Any CPU
		{227E13A4-6C2F-4BFD-8597-0DA0F77AB642}.Debug|Any CPU.ActiveCfg = Debug|Any CPU
		{227E13A4-6C2F-4BFD-8597-0DA0F77AB642}.Debug|Any CPU.Build.0 = Debug|Any CPU
		{227E13A4-6C2F-4BFD-8597-0DA0F77AB642}.Release|Any CPU.ActiveCfg = Release|Any CPU
		{227E13A4-6C2F-4BFD-8597-0DA0F77AB642}.Release|Any CPU.Build.0 = Release|Any CPU
		{BE80842B-9747-4BFC-A5B4-1845051AA1D0}.Debug|Any CPU.ActiveCfg = Debug|Any CPU
		{BE80842B-9747-4BFC-A5B4-1845051AA1D0}.Debug|Any CPU.Build.0 = Debug|Any CPU
		{BE80842B-9747-4BFC-A5B4-1845051AA1D0}.Release|Any CPU.ActiveCfg = Release|Any CPU
		{BE80842B-9747-4BFC-A5B4-1845051AA1D0}.Release|Any CPU.Build.0 = Release|Any CPU
		{9ADB8ED7-1D30-45BF-8AC5-A3CCF19AFD65}.Debug|Any CPU.ActiveCfg = Debug|Any CPU
		{9ADB8ED7-1D30-45BF-8AC5-A3CCF19AFD65}.Debug|Any CPU.Build.0 = Debug|Any CPU
		{9ADB8ED7-1D30-45BF-8AC5-A3CCF19AFD65}.Release|Any CPU.ActiveCfg = Release|Any CPU
		{9ADB8ED7-1D30-45BF-8AC5-A3CCF19AFD65}.Release|Any CPU.Build.0 = Release|Any CPU
		{7976AEFC-8382-47D3-BA50-55FA18BABADF}.Debug|Any CPU.ActiveCfg = Debug|Any CPU
		{7976AEFC-8382-47D3-BA50-55FA18BABADF}.Debug|Any CPU.Build.0 = Debug|Any CPU
		{7976AEFC-8382-47D3-BA50-55FA18BABADF}.Release|Any CPU.ActiveCfg = Release|Any CPU
		{7976AEFC-8382-47D3-BA50-55FA18BABADF}.Release|Any CPU.Build.0 = Release|Any CPU
		{20E728F8-C648-4F96-AE56-B7A7A185D941}.Debug|Any CPU.ActiveCfg = Debug|Any CPU
		{20E728F8-C648-4F96-AE56-B7A7A185D941}.Debug|Any CPU.Build.0 = Debug|Any CPU
		{20E728F8-C648-4F96-AE56-B7A7A185D941}.Release|Any CPU.ActiveCfg = Release|Any CPU
		{20E728F8-C648-4F96-AE56-B7A7A185D941}.Release|Any CPU.Build.0 = Release|Any CPU
		{EB161441-A663-485F-8CD6-D1D5794F7AD9}.Debug|Any CPU.ActiveCfg = Debug|Any CPU
		{EB161441-A663-485F-8CD6-D1D5794F7AD9}.Debug|Any CPU.Build.0 = Debug|Any CPU
		{EB161441-A663-485F-8CD6-D1D5794F7AD9}.Release|Any CPU.ActiveCfg = Release|Any CPU
		{EB161441-A663-485F-8CD6-D1D5794F7AD9}.Release|Any CPU.Build.0 = Release|Any CPU
		{56759084-F7C0-4AA6-AB4E-2F8E13927029}.Debug|Any CPU.ActiveCfg = Debug|Any CPU
		{56759084-F7C0-4AA6-AB4E-2F8E13927029}.Debug|Any CPU.Build.0 = Debug|Any CPU
		{56759084-F7C0-4AA6-AB4E-2F8E13927029}.Release|Any CPU.ActiveCfg = Release|Any CPU
		{56759084-F7C0-4AA6-AB4E-2F8E13927029}.Release|Any CPU.Build.0 = Release|Any CPU
		{6EA1F526-FDB2-4C49-ACB4-69E26ABD44D8}.Debug|Any CPU.ActiveCfg = Debug|Any CPU
		{6EA1F526-FDB2-4C49-ACB4-69E26ABD44D8}.Debug|Any CPU.Build.0 = Debug|Any CPU
		{6EA1F526-FDB2-4C49-ACB4-69E26ABD44D8}.Release|Any CPU.ActiveCfg = Release|Any CPU
		{6EA1F526-FDB2-4C49-ACB4-69E26ABD44D8}.Release|Any CPU.Build.0 = Release|Any CPU
		{BA6683C6-0CD8-4B04-B7DC-1A9EB5AA0B31}.Debug|Any CPU.ActiveCfg = Debug|Any CPU
		{BA6683C6-0CD8-4B04-B7DC-1A9EB5AA0B31}.Debug|Any CPU.Build.0 = Debug|Any CPU
		{BA6683C6-0CD8-4B04-B7DC-1A9EB5AA0B31}.Release|Any CPU.ActiveCfg = Release|Any CPU
		{BA6683C6-0CD8-4B04-B7DC-1A9EB5AA0B31}.Release|Any CPU.Build.0 = Release|Any CPU
		{6EDC27B3-4A32-4A20-99F9-035CDDF9104F}.Debug|Any CPU.ActiveCfg = Debug|Any CPU
		{6EDC27B3-4A32-4A20-99F9-035CDDF9104F}.Debug|Any CPU.Build.0 = Debug|Any CPU
		{6EDC27B3-4A32-4A20-99F9-035CDDF9104F}.Release|Any CPU.ActiveCfg = Release|Any CPU
		{6EDC27B3-4A32-4A20-99F9-035CDDF9104F}.Release|Any CPU.Build.0 = Release|Any CPU
		{48AF1683-F885-4CFD-9171-5D0BFD023049}.Debug|Any CPU.ActiveCfg = Debug|Any CPU
		{48AF1683-F885-4CFD-9171-5D0BFD023049}.Debug|Any CPU.Build.0 = Debug|Any CPU
		{48AF1683-F885-4CFD-9171-5D0BFD023049}.Release|Any CPU.ActiveCfg = Release|Any CPU
		{48AF1683-F885-4CFD-9171-5D0BFD023049}.Release|Any CPU.Build.0 = Release|Any CPU
		{3C1F2344-609F-4939-A6BE-2AE4327C26A0}.Debug|Any CPU.ActiveCfg = Debug|Any CPU
		{3C1F2344-609F-4939-A6BE-2AE4327C26A0}.Debug|Any CPU.Build.0 = Debug|Any CPU
		{3C1F2344-609F-4939-A6BE-2AE4327C26A0}.Release|Any CPU.ActiveCfg = Release|Any CPU
		{3C1F2344-609F-4939-A6BE-2AE4327C26A0}.Release|Any CPU.Build.0 = Release|Any CPU
		{550A1E94-87D0-4244-8E25-23C7A4321A9A}.Debug|Any CPU.ActiveCfg = Debug|Any CPU
		{550A1E94-87D0-4244-8E25-23C7A4321A9A}.Debug|Any CPU.Build.0 = Debug|Any CPU
		{550A1E94-87D0-4244-8E25-23C7A4321A9A}.Release|Any CPU.ActiveCfg = Release|Any CPU
		{550A1E94-87D0-4244-8E25-23C7A4321A9A}.Release|Any CPU.Build.0 = Release|Any CPU
		{A71720AA-193B-4A83-8F32-D76D975F5657}.Debug|Any CPU.ActiveCfg = Debug|Any CPU
		{A71720AA-193B-4A83-8F32-D76D975F5657}.Debug|Any CPU.Build.0 = Debug|Any CPU
		{A71720AA-193B-4A83-8F32-D76D975F5657}.Release|Any CPU.ActiveCfg = Release|Any CPU
		{A71720AA-193B-4A83-8F32-D76D975F5657}.Release|Any CPU.Build.0 = Release|Any CPU
		{ED56A430-B975-4073-B8A2-7115B4FD8FCC}.Debug|Any CPU.ActiveCfg = Debug|Any CPU
		{ED56A430-B975-4073-B8A2-7115B4FD8FCC}.Debug|Any CPU.Build.0 = Debug|Any CPU
		{ED56A430-B975-4073-B8A2-7115B4FD8FCC}.Release|Any CPU.ActiveCfg = Release|Any CPU
		{ED56A430-B975-4073-B8A2-7115B4FD8FCC}.Release|Any CPU.Build.0 = Release|Any CPU
		{F4B299D9-6DC4-4535-88C6-302C299A1AAC}.Debug|Any CPU.ActiveCfg = Debug|Any CPU
		{F4B299D9-6DC4-4535-88C6-302C299A1AAC}.Debug|Any CPU.Build.0 = Debug|Any CPU
		{F4B299D9-6DC4-4535-88C6-302C299A1AAC}.Release|Any CPU.ActiveCfg = Release|Any CPU
		{F4B299D9-6DC4-4535-88C6-302C299A1AAC}.Release|Any CPU.Build.0 = Release|Any CPU
		{6C2831A2-F1DD-4FC6-A31B-6B9EE894298B}.Debug|Any CPU.ActiveCfg = Debug|Any CPU
		{6C2831A2-F1DD-4FC6-A31B-6B9EE894298B}.Debug|Any CPU.Build.0 = Debug|Any CPU
		{6C2831A2-F1DD-4FC6-A31B-6B9EE894298B}.Release|Any CPU.ActiveCfg = Release|Any CPU
		{6C2831A2-F1DD-4FC6-A31B-6B9EE894298B}.Release|Any CPU.Build.0 = Release|Any CPU
		{182C56F1-1714-47A8-B402-095E0762E851}.Debug|Any CPU.ActiveCfg = Debug|Any CPU
		{182C56F1-1714-47A8-B402-095E0762E851}.Debug|Any CPU.Build.0 = Debug|Any CPU
		{182C56F1-1714-47A8-B402-095E0762E851}.Release|Any CPU.ActiveCfg = Release|Any CPU
		{182C56F1-1714-47A8-B402-095E0762E851}.Release|Any CPU.Build.0 = Release|Any CPU
		{8E910488-8CEB-446B-8F8B-AE04C660C6A6}.Debug|Any CPU.ActiveCfg = Debug|Any CPU
		{8E910488-8CEB-446B-8F8B-AE04C660C6A6}.Debug|Any CPU.Build.0 = Debug|Any CPU
		{8E910488-8CEB-446B-8F8B-AE04C660C6A6}.Release|Any CPU.ActiveCfg = Release|Any CPU
		{8E910488-8CEB-446B-8F8B-AE04C660C6A6}.Release|Any CPU.Build.0 = Release|Any CPU
		{0001B4AC-83AE-4011-B314-085C8D3F6157}.Debug|Any CPU.ActiveCfg = Debug|Any CPU
		{0001B4AC-83AE-4011-B314-085C8D3F6157}.Debug|Any CPU.Build.0 = Debug|Any CPU
		{0001B4AC-83AE-4011-B314-085C8D3F6157}.Release|Any CPU.ActiveCfg = Release|Any CPU
		{0001B4AC-83AE-4011-B314-085C8D3F6157}.Release|Any CPU.Build.0 = Release|Any CPU
		{3EB51181-6D4B-47E5-BB71-40C4F252CE25}.Debug|Any CPU.ActiveCfg = Debug|Any CPU
		{3EB51181-6D4B-47E5-BB71-40C4F252CE25}.Debug|Any CPU.Build.0 = Debug|Any CPU
		{3EB51181-6D4B-47E5-BB71-40C4F252CE25}.Release|Any CPU.ActiveCfg = Release|Any CPU
		{3EB51181-6D4B-47E5-BB71-40C4F252CE25}.Release|Any CPU.Build.0 = Release|Any CPU
		{36AF6B09-5689-4E06-BE53-B46358567C53}.Debug|Any CPU.ActiveCfg = Debug|Any CPU
		{36AF6B09-5689-4E06-BE53-B46358567C53}.Debug|Any CPU.Build.0 = Debug|Any CPU
		{36AF6B09-5689-4E06-BE53-B46358567C53}.Release|Any CPU.ActiveCfg = Release|Any CPU
		{36AF6B09-5689-4E06-BE53-B46358567C53}.Release|Any CPU.Build.0 = Release|Any CPU
		{F59D72CB-8A4A-420C-AA54-65C9B350E8C7}.Debug|Any CPU.ActiveCfg = Debug|Any CPU
		{F59D72CB-8A4A-420C-AA54-65C9B350E8C7}.Debug|Any CPU.Build.0 = Debug|Any CPU
		{F59D72CB-8A4A-420C-AA54-65C9B350E8C7}.Release|Any CPU.ActiveCfg = Release|Any CPU
		{F59D72CB-8A4A-420C-AA54-65C9B350E8C7}.Release|Any CPU.Build.0 = Release|Any CPU
		{5E5E4A91-1AA2-4A3C-8CEA-0DA67B6B5D4C}.Debug|Any CPU.ActiveCfg = Debug|Any CPU
		{5E5E4A91-1AA2-4A3C-8CEA-0DA67B6B5D4C}.Debug|Any CPU.Build.0 = Debug|Any CPU
		{5E5E4A91-1AA2-4A3C-8CEA-0DA67B6B5D4C}.Release|Any CPU.ActiveCfg = Release|Any CPU
		{5E5E4A91-1AA2-4A3C-8CEA-0DA67B6B5D4C}.Release|Any CPU.Build.0 = Release|Any CPU
		{6D6E44EC-A467-461F-AF6B-83A9D575EF76}.Debug|Any CPU.ActiveCfg = Debug|Any CPU
		{6D6E44EC-A467-461F-AF6B-83A9D575EF76}.Debug|Any CPU.Build.0 = Debug|Any CPU
		{6D6E44EC-A467-461F-AF6B-83A9D575EF76}.Release|Any CPU.ActiveCfg = Release|Any CPU
		{6D6E44EC-A467-461F-AF6B-83A9D575EF76}.Release|Any CPU.Build.0 = Release|Any CPU
		{F6484267-B235-4CC5-8AC8-96A676219D51}.Debug|Any CPU.ActiveCfg = Debug|Any CPU
		{F6484267-B235-4CC5-8AC8-96A676219D51}.Debug|Any CPU.Build.0 = Debug|Any CPU
		{F6484267-B235-4CC5-8AC8-96A676219D51}.Release|Any CPU.ActiveCfg = Release|Any CPU
		{F6484267-B235-4CC5-8AC8-96A676219D51}.Release|Any CPU.Build.0 = Release|Any CPU
		{B0E8E6D7-39B8-4B1F-BBC0-B05337672129}.Debug|Any CPU.ActiveCfg = Debug|Any CPU
		{B0E8E6D7-39B8-4B1F-BBC0-B05337672129}.Debug|Any CPU.Build.0 = Debug|Any CPU
		{B0E8E6D7-39B8-4B1F-BBC0-B05337672129}.Release|Any CPU.ActiveCfg = Release|Any CPU
		{B0E8E6D7-39B8-4B1F-BBC0-B05337672129}.Release|Any CPU.Build.0 = Release|Any CPU
		{629337F8-F6E7-41F2-8DF7-FEBA23AF1222}.Debug|Any CPU.ActiveCfg = Debug|Any CPU
		{629337F8-F6E7-41F2-8DF7-FEBA23AF1222}.Debug|Any CPU.Build.0 = Debug|Any CPU
		{629337F8-F6E7-41F2-8DF7-FEBA23AF1222}.Release|Any CPU.ActiveCfg = Release|Any CPU
		{629337F8-F6E7-41F2-8DF7-FEBA23AF1222}.Release|Any CPU.Build.0 = Release|Any CPU
	EndGlobalSection
	GlobalSection(SolutionProperties) = preSolution
		HideSolutionNode = FALSE
	EndGlobalSection
	GlobalSection(ExtensibilityGlobals) = postSolution
		SolutionGuid = {A1654BE4-26EA-48AA-841E-6C2E3DEBDCCF}
		EnterpriseLibraryConfigurationToolBinariesPath = packages\Unity.2.1.505.2\lib\NET35;packages\Unity.Interception.2.1.505.2\lib\NET35;packages\EnterpriseLibrary.Common.5.0.505.0\lib\NET35;packages\EnterpriseLibrary.Validation.5.0.505.0\lib\NET35
	EndGlobalSection
EndGlobal
