
Microsoft Visual Studio Solution File, Format Version 12.00
# Visual Studio 14
VisualStudioVersion = 14.0.24720.0
MinimumVisualStudioVersion = 10.0.40219.1
Project("{FAE04EC0-301F-11D3-BF4B-00C04F79EFBC}") = "SplashRunner", "splash\SplashRunner.csproj", "{B845E572-D65E-4243-89BD-925D6B20596F}"
EndProject
Project("{FAE04EC0-301F-11D3-BF4B-00C04F79EFBC}") = "Splash", "splash\Splash.csproj", "{8F90089F-DF30-4353-833F-220ECAC7C1CF}"
EndProject
Project("{FAE04EC0-301F-11D3-BF4B-00C04F79EFBC}") = "SplashTests", "SplashTests\SplashTests.csproj", "{789E1C7E-EE30-4F6D-9B2D-A6D67C3F287D}"
EndProject
Global
	GlobalSection(SolutionConfigurationPlatforms) = preSolution
		Debug with args|Any CPU = Debug with args|Any CPU
		Debug with args|x64 = Debug with args|x64
		Debug with args|x86 = Debug with args|x86
		Debug|Any CPU = Debug|Any CPU
		Debug|x64 = Debug|x64
		Debug|x86 = Debug|x86
		Release|Any CPU = Release|Any CPU
		Release|x64 = Release|x64
		Release|x86 = Release|x86
	EndGlobalSection
	GlobalSection(ProjectConfigurationPlatforms) = postSolution
		{B845E572-D65E-4243-89BD-925D6B20596F}.Debug with args|Any CPU.ActiveCfg = Debug with args|x86
		{B845E572-D65E-4243-89BD-925D6B20596F}.Debug with args|x64.ActiveCfg = Debug with args|x64
		{B845E572-D65E-4243-89BD-925D6B20596F}.Debug with args|x64.Build.0 = Debug with args|x64
		{B845E572-D65E-4243-89BD-925D6B20596F}.Debug with args|x86.ActiveCfg = Debug with args|x86
		{B845E572-D65E-4243-89BD-925D6B20596F}.Debug with args|x86.Build.0 = Debug with args|x86
		{B845E572-D65E-4243-89BD-925D6B20596F}.Debug|Any CPU.ActiveCfg = Debug|x86
		{B845E572-D65E-4243-89BD-925D6B20596F}.Debug|x64.ActiveCfg = Debug|x64
		{B845E572-D65E-4243-89BD-925D6B20596F}.Debug|x64.Build.0 = Debug|x64
		{B845E572-D65E-4243-89BD-925D6B20596F}.Debug|x86.ActiveCfg = Debug|x86
		{B845E572-D65E-4243-89BD-925D6B20596F}.Debug|x86.Build.0 = Debug|x86
		{B845E572-D65E-4243-89BD-925D6B20596F}.Release|Any CPU.ActiveCfg = Release|x86
		{B845E572-D65E-4243-89BD-925D6B20596F}.Release|x64.ActiveCfg = Release|x64
		{B845E572-D65E-4243-89BD-925D6B20596F}.Release|x64.Build.0 = Release|x64
		{B845E572-D65E-4243-89BD-925D6B20596F}.Release|x86.ActiveCfg = Release|x86
		{B845E572-D65E-4243-89BD-925D6B20596F}.Release|x86.Build.0 = Release|x86
		{8F90089F-DF30-4353-833F-220ECAC7C1CF}.Debug with args|Any CPU.ActiveCfg = Debug with args|Any CPU
		{8F90089F-DF30-4353-833F-220ECAC7C1CF}.Debug with args|Any CPU.Build.0 = Debug with args|Any CPU
		{8F90089F-DF30-4353-833F-220ECAC7C1CF}.Debug with args|x64.ActiveCfg = Debug with args|Any CPU
		{8F90089F-DF30-4353-833F-220ECAC7C1CF}.Debug with args|x64.Build.0 = Debug with args|Any CPU
		{8F90089F-DF30-4353-833F-220ECAC7C1CF}.Debug with args|x86.ActiveCfg = Debug with args|Any CPU
		{8F90089F-DF30-4353-833F-220ECAC7C1CF}.Debug with args|x86.Build.0 = Debug with args|Any CPU
		{8F90089F-DF30-4353-833F-220ECAC7C1CF}.Debug|Any CPU.ActiveCfg = Debug|Any CPU
		{8F90089F-DF30-4353-833F-220ECAC7C1CF}.Debug|Any CPU.Build.0 = Debug|Any CPU
		{8F90089F-DF30-4353-833F-220ECAC7C1CF}.Debug|x64.ActiveCfg = Debug|Any CPU
		{8F90089F-DF30-4353-833F-220ECAC7C1CF}.Debug|x64.Build.0 = Debug|Any CPU
		{8F90089F-DF30-4353-833F-220ECAC7C1CF}.Debug|x86.ActiveCfg = Debug|Any CPU
		{8F90089F-DF30-4353-833F-220ECAC7C1CF}.Debug|x86.Build.0 = Debug|Any CPU
		{8F90089F-DF30-4353-833F-220ECAC7C1CF}.Release|Any CPU.ActiveCfg = Release|Any CPU
		{8F90089F-DF30-4353-833F-220ECAC7C1CF}.Release|Any CPU.Build.0 = Release|Any CPU
		{8F90089F-DF30-4353-833F-220ECAC7C1CF}.Release|x64.ActiveCfg = Release|Any CPU
		{8F90089F-DF30-4353-833F-220ECAC7C1CF}.Release|x64.Build.0 = Release|Any CPU
		{8F90089F-DF30-4353-833F-220ECAC7C1CF}.Release|x86.ActiveCfg = Release|Any CPU
		{8F90089F-DF30-4353-833F-220ECAC7C1CF}.Release|x86.Build.0 = Release|Any CPU
		{789E1C7E-EE30-4F6D-9B2D-A6D67C3F287D}.Debug with args|Any CPU.ActiveCfg = Debug|Any CPU
		{789E1C7E-EE30-4F6D-9B2D-A6D67C3F287D}.Debug with args|Any CPU.Build.0 = Debug|Any CPU
		{789E1C7E-EE30-4F6D-9B2D-A6D67C3F287D}.Debug with args|x64.ActiveCfg = Debug|Any CPU
		{789E1C7E-EE30-4F6D-9B2D-A6D67C3F287D}.Debug with args|x64.Build.0 = Debug|Any CPU
		{789E1C7E-EE30-4F6D-9B2D-A6D67C3F287D}.Debug with args|x86.ActiveCfg = Debug|Any CPU
		{789E1C7E-EE30-4F6D-9B2D-A6D67C3F287D}.Debug with args|x86.Build.0 = Debug|Any CPU
		{789E1C7E-EE30-4F6D-9B2D-A6D67C3F287D}.Debug|Any CPU.ActiveCfg = Debug|Any CPU
		{789E1C7E-EE30-4F6D-9B2D-A6D67C3F287D}.Debug|Any CPU.Build.0 = Debug|Any CPU
		{789E1C7E-EE30-4F6D-9B2D-A6D67C3F287D}.Debug|x64.ActiveCfg = Debug|Any CPU
		{789E1C7E-EE30-4F6D-9B2D-A6D67C3F287D}.Debug|x64.Build.0 = Debug|Any CPU
		{789E1C7E-EE30-4F6D-9B2D-A6D67C3F287D}.Debug|x86.ActiveCfg = Debug|Any CPU
		{789E1C7E-EE30-4F6D-9B2D-A6D67C3F287D}.Debug|x86.Build.0 = Debug|Any CPU
		{789E1C7E-EE30-4F6D-9B2D-A6D67C3F287D}.Release|Any CPU.ActiveCfg = Release|Any CPU
		{789E1C7E-EE30-4F6D-9B2D-A6D67C3F287D}.Release|Any CPU.Build.0 = Release|Any CPU
		{789E1C7E-EE30-4F6D-9B2D-A6D67C3F287D}.Release|x64.ActiveCfg = Release|Any CPU
		{789E1C7E-EE30-4F6D-9B2D-A6D67C3F287D}.Release|x64.Build.0 = Release|Any CPU
		{789E1C7E-EE30-4F6D-9B2D-A6D67C3F287D}.Release|x86.ActiveCfg = Release|Any CPU
		{789E1C7E-EE30-4F6D-9B2D-A6D67C3F287D}.Release|x86.Build.0 = Release|Any CPU
	EndGlobalSection
	GlobalSection(SolutionProperties) = preSolution
		HideSolutionNode = FALSE
	EndGlobalSection
	GlobalSection(MonoDevelopProperties) = preSolution
		Policies = $0
		$0.DotNetNamingPolicy = $1
		$1.DirectoryNamespaceAssociation = None
		$1.ResourceNamePolicy = FileFormatDefault
		$0.TextStylePolicy = $4
		$2.inheritsSet = null
		$2.scope = text/x-csharp
		$0.CSharpFormattingPolicy = $3
		$3.IndentSwitchBody = True
		$3.AlignEmbeddedStatements = False
		$3.NamespaceBraceStyle = EndOfLine
		$3.ClassBraceStyle = EndOfLine
		$3.InterfaceBraceStyle = EndOfLine
		$3.StructBraceStyle = EndOfLine
		$3.EnumBraceStyle = EndOfLine
		$3.MethodBraceStyle = EndOfLine
		$3.ConstructorBraceStyle = EndOfLine
		$3.DestructorBraceStyle = EndOfLine
		$3.BeforeMethodDeclarationParentheses = False
		$3.BeforeMethodCallParentheses = False
		$3.BeforeConstructorDeclarationParentheses = False
		$3.BeforeIndexerDeclarationBracket = False
		$3.BeforeDelegateDeclarationParentheses = False
		$3.AfterDelegateDeclarationParameterComma = True
		$3.NewParentheses = False
		$3.IfParentheses = False
		$3.WhileParentheses = False
		$3.ForParentheses = False
		$3.ForeachParentheses = False
		$3.CatchParentheses = False
		$3.SwitchParentheses = False
		$3.LockParentheses = False
		$3.UsingParentheses = False
		$3.SpacesBeforeBrackets = False
		$3.SpacesAfterTypecast = True
		$3.inheritsSet = Mono
		$3.inheritsScope = text/x-csharp
		$3.scope = text/x-csharp
		$4.FileWidth = 120
		$4.TabsToSpaces = False
		$4.inheritsSet = VisualStudio
		$4.inheritsScope = text/plain
		$4.scope = text/plain
		$0.StandardHeader = $5
		$5.Text = @\n ${FileName}\n \n Author:\n      ${AuthorName} <${AuthorEmail}>\n\n Copyright (c) ${Year} ${CopyrightHolder}\n\n This library is free software; you can redistribute it and/or modify\n it under the terms of the GNU Lesser General Public License as\n published by the Free Software Foundation; either version 2.1 of the\n License, or (at your option) any later version.\n\n This library is distributed in the hope that it will be useful, but\n WITHOUT ANY WARRANTY; without even the implied warranty of\n MERCHANTABILITY or FITNESS FOR A PARTICULAR PURPOSE. See the GNU\n Lesser General Public License for more details.\n\n You should have received a copy of the GNU Lesser General Public\n License along with this library; if not, write to the Free Software\n Foundation, Inc., 59 Temple Place, Suite 330, Boston, MA 02111-1307 USA
		$5.IncludeInNewFiles = True
		$0.VersionControlPolicy = $6
		$6.inheritsSet = Mono
		$0.NameConventionPolicy = $7
		$7.Rules = $8
		$8.NamingRule = $28
		$9.Name = Namespaces
		$9.AffectedEntity = Namespace
		$9.VisibilityMask = VisibilityMask
		$9.NamingStyle = PascalCase
		$9.IncludeInstanceMembers = True
		$9.IncludeStaticEntities = True
		$10.Name = Types
		$10.AffectedEntity = Class, Struct, Enum, Delegate
		$10.VisibilityMask = Public
		$10.NamingStyle = PascalCase
		$10.IncludeInstanceMembers = True
		$10.IncludeStaticEntities = True
		$11.Name = Interfaces
		$11.RequiredPrefixes = $12
		$12.String = I
		$11.AffectedEntity = Interface
		$11.VisibilityMask = Public
		$11.NamingStyle = PascalCase
		$11.IncludeInstanceMembers = True
		$11.IncludeStaticEntities = True
		$13.Name = Attributes
		$13.RequiredSuffixes = $14
		$14.String = Attribute
		$13.AffectedEntity = CustomAttributes
		$13.VisibilityMask = Public
		$13.NamingStyle = PascalCase
		$13.IncludeInstanceMembers = True
		$13.IncludeStaticEntities = True
		$15.Name = Event Arguments
		$15.RequiredSuffixes = $16
		$16.String = EventArgs
		$15.AffectedEntity = CustomEventArgs
		$15.VisibilityMask = Public
		$15.NamingStyle = PascalCase
		$15.IncludeInstanceMembers = True
		$15.IncludeStaticEntities = True
		$17.Name = Exceptions
		$17.RequiredSuffixes = $18
		$18.String = Exception
		$17.AffectedEntity = CustomExceptions
		$17.VisibilityMask = VisibilityMask
		$17.NamingStyle = PascalCase
		$17.IncludeInstanceMembers = True
		$17.IncludeStaticEntities = True
		$19.Name = Methods
		$19.AffectedEntity = Methods
		$19.VisibilityMask = Protected, Public
		$19.NamingStyle = PascalCase
		$19.IncludeInstanceMembers = True
		$19.IncludeStaticEntities = True
		$20.Name = Static Readonly Fields
		$20.AffectedEntity = ReadonlyField
		$20.VisibilityMask = Protected, Public
		$20.NamingStyle = PascalCase
		$20.IncludeInstanceMembers = False
		$20.IncludeStaticEntities = True
		$21.Name = Fields
		$21.AffectedEntity = Field
		$21.VisibilityMask = Protected, Public
		$21.NamingStyle = PascalCase
		$21.IncludeInstanceMembers = True
		$21.IncludeStaticEntities = True
		$22.Name = ReadOnly Fields
		$22.AffectedEntity = ReadonlyField
		$22.VisibilityMask = Protected, Public
		$22.NamingStyle = PascalCase
		$22.IncludeInstanceMembers = True
		$22.IncludeStaticEntities = False
		$23.Name = Constant Fields
		$23.AffectedEntity = ConstantField
		$23.VisibilityMask = Protected, Public
		$23.NamingStyle = PascalCase
		$23.IncludeInstanceMembers = True
		$23.IncludeStaticEntities = True
		$24.Name = Properties
		$24.AffectedEntity = Property
		$24.VisibilityMask = Protected, Public
		$24.NamingStyle = PascalCase
		$24.IncludeInstanceMembers = True
		$24.IncludeStaticEntities = True
		$25.Name = Events
		$25.AffectedEntity = Event
		$25.VisibilityMask = Protected, Public
		$25.NamingStyle = PascalCase
		$25.IncludeInstanceMembers = True
		$25.IncludeStaticEntities = True
		$26.Name = Enum Members
		$26.AffectedEntity = EnumMember
		$26.VisibilityMask = VisibilityMask
		$26.NamingStyle = PascalCase
		$26.IncludeInstanceMembers = True
		$26.IncludeStaticEntities = True
		$27.Name = Parameters
		$27.AffectedEntity = Parameter
		$27.VisibilityMask = VisibilityMask
		$27.NamingStyle = CamelCase
		$27.IncludeInstanceMembers = True
		$27.IncludeStaticEntities = True
		$28.Name = Type Parameters
		$28.RequiredPrefixes = $29
		$29.String = T
		$28.AffectedEntity = TypeParameter
		$28.VisibilityMask = VisibilityMask
		$28.NamingStyle = PascalCase
		$28.IncludeInstanceMembers = True
		$28.IncludeStaticEntities = True
	EndGlobalSection
EndGlobal
