{
  "version": 1,
  "dependencies": {
    ".NETFramework,Version=v4.7.2": {
      "MathNet.Numerics.Signed": {
        "type": "Transitive",
        "resolved": "4.9.0",
        "contentHash": "pvT1RwgoZdaKQmxVNowTjg7/57J7Ioua8xJ96G629xfwrFgsncML7NlAn41KxhTIA8u8Qoj6Fp47KxUn0Cna2Q=="
      },
      "ncdk": {
        "type": "Project",
        "dependencies": {
          "MathNet.Numerics.Signed": "[4.9.0, )"
        }
      }
    }
  }
}