{
  "version": 1,
  "dependencies": {
    ".NETFramework,Version=v4.7.2": {
      "Accord": {
        "type": "Transitive",
        "resolved": "3.8.0",
        "contentHash": "7kJrB570dO5ELim+2KWQNozuvWO9/BuZfZspdFy36fcWPNF2CEccblLuILeUlI8QJYd2DlBy0bfK8BlCx/uayA=="
      },
      "Accord.Math": {
        "type": "Transitive",
        "resolved": "3.8.0",
        "contentHash": "K3dzeQjDIrwRnoTRoMOoIbul2Uc0B8cnEtdrSlirmIo37C+jVkmYpJzme/z4Kg99XR2Vj5W5TTNlhjn+AKR+8A==",
        "dependencies": {
          "Accord": "3.8.0"
        }
      },
      "Accord.Statistics": {
        "type": "Transitive",
        "resolved": "3.8.0",
        "contentHash": "8WsmCE31Qdy3FmRvwtAY3F9/fJEi/6uyLQrhOvSI6pP6gpoaacmCrJRIphkGf2EB8gKHRWLAc4UXr1OOPHxkmQ==",
        "dependencies": {
          "Accord": "3.8.0",
          "Accord.Math": "3.8.0"
        }
      },
      "CommonServiceLocator": {
        "type": "Transitive",
        "resolved": "1.0.0",
        "contentHash": "RJjv0yxm+Fk/ak/CVMTGr0ng7g/nudkVYos4eQrIDpth3BdE1j7J2ddRm8FXtOoIZbgDqTU6hKq5zoackwL3HQ=="
      },
      "EnterpriseLibrary.Common": {
        "type": "Transitive",
        "resolved": "5.0.505",
        "contentHash": "56ohaIm5TXzb6oR6QkUI3VtzI2fFVdAfhQaAanTZ9j/RrTAL1JvvN1d4qmAPc3mb9e+6zJUp1F+n4yA3ILHhpw==",
        "dependencies": {
          "Unity.Interception": "2.1.0"
        }
      },
      "EnterpriseLibrary.Validation": {
        "type": "Transitive",
        "resolved": "5.0.505",
        "contentHash": "yIPC6D0Li/AXHr8ODGODa9GW+jYqZBnJvSXZZHBBSYpAOe3qCBJGts5UpfoQgxVw1oZilfBEVa7KXekWp5xnsg==",
        "dependencies": {
          "EnterpriseLibrary.Common": "5.0.0"
        }
      },
      "MathNet.Numerics.Signed": {
        "type": "Transitive",
        "resolved": "4.9.0",
        "contentHash": "pvT1RwgoZdaKQmxVNowTjg7/57J7Ioua8xJ96G629xfwrFgsncML7NlAn41KxhTIA8u8Qoj6Fp47KxUn0Cna2Q=="
      },
      "MessagePack": {
        "type": "Transitive",
        "resolved": "1.7.3.7",
        "contentHash": "gyJ8m987yI1O7h4P2DS7YjOfOWqJ+WcvX/jST+vYxCt004FYRm6cHfCK20fa1ehpQhOwRIezVennku+pFWwtiw==",
        "dependencies": {
          "System.Threading.Tasks.Extensions": "4.3.0"
        }
      },
      "MessagePackAnalyzer": {
        "type": "Transitive",
        "resolved": "1.6.0",
        "contentHash": "gWH/And7eJFxDT/q/hWFyWjrCni6HJ01fgDB2NUhYaqrEZN2LtsaTwAkSPhd26AdAbeYkZg7kS/umlt2Wci2HQ=="
      },
      "Microsoft.Bcl": {
        "type": "Transitive",
        "resolved": "1.1.10",
        "contentHash": "+tTqoh/M1pyL8El3qLy30EcwnAtyvFoDZJtdG9Cbg/WdFbh4N8kyrq198XHuEL7lnJbeD0DRO8jcX5IIOh05cQ==",
        "dependencies": {
          "Microsoft.Bcl.Build": "1.0.14"
        }
      },
      "Microsoft.Bcl.Build": {
        "type": "Transitive",
        "resolved": "1.0.14",
        "contentHash": "cDLKSvNvRa519hplsbSoYqO69TjdDIhfjtKUM0g20/nVROoWsGav9KCI9HtnGjLmdV1+TcUUDhbotcllibjPEA=="
      },
      "Microsoft.Net.Http": {
        "type": "Transitive",
        "resolved": "2.2.29",
        "contentHash": "fc4CPEewJ30Xgal+fSq1lYIBt582A7eKlAL7O4HXiYAiTp2VTnA4osSvk7T2n8aS4xTCPVJusQk3yKLT0XSpkg==",
        "dependencies": {
          "Microsoft.Bcl": "1.1.10",
          "Microsoft.Bcl.Build": "1.0.14"
        }
      },
      "Microsoft.Xaml.Behaviors.Wpf": {
        "type": "Transitive",
        "resolved": "1.1.39",
        "contentHash": "8PZKqw9QOcu42xk8puY4P1+EXHL9YGOR9b7qhaYx5cILHul456H073tj99vyPcCt0W0781T9RwHqkx507ZyUpQ=="
      },
      "Newtonsoft.Json": {
        "type": "Transitive",
        "resolved": "13.0.3",
        "contentHash": "HrC5BXdl00IP9zeV+0Z848QWPAoCr9P3bDEZguI+gkLcBKAOxix/tLEAAHC+UvDNPv4a2d18lOReHMOagPa+zQ=="
      },
      "System.Buffers": {
        "type": "Transitive",
        "resolved": "4.5.1",
        "contentHash": "Rw7ijyl1qqRS0YQD/WycNst8hUUMgrMH4FCn1nNm27M4VxchZ1js3fVjQaANHO5f3sN4isvP4a+Met9Y4YomAg=="
      },
      "System.IO": {
        "type": "Transitive",
        "resolved": "4.3.0",
        "contentHash": "3qjaHvxQPDpSOYICjUoTsmoq5u6QJAFRUITgeT/4gqkF1bajbSmb1kwSxEA8AHlofqgcKJcM8udgieRNhaJ5Cg=="
      },
      "System.Net.Http": {
        "type": "Transitive",
        "resolved": "4.3.4",
        "contentHash": "aOa2d51SEbmM+H+Csw7yJOuNZoHkrP2XnAurye5HWYgGVVU54YZDvsLUYRv6h18X3sPnjNCANmN7ZhIPiqMcjA==",
        "dependencies": {
          "System.Security.Cryptography.X509Certificates": "4.3.0"
        }
      },
      "System.Reflection.Emit": {
        "type": "Transitive",
        "resolved": "4.7.0",
        "contentHash": "VR4kk8XLKebQ4MZuKuIni/7oh+QGFmZW3qORd1GvBq/8026OpW501SzT/oypwiQl4TvT8ErnReh/NzY9u+C6wQ=="
      },
      "System.Reflection.Emit.Lightweight": {
        "type": "Transitive",
        "resolved": "4.7.0",
        "contentHash": "a4OLB4IITxAXJeV74MDx49Oq2+PsF6Sml54XAFv+2RyWwtDBcabzoxiiJRhdhx+gaohLh4hEGCLQyBozXoQPqA=="
      },
      "System.Runtime": {
        "type": "Transitive",
        "resolved": "4.3.0",
        "contentHash": "JufQi0vPQ0xGnAczR13AUFglDyVYt4Kqnz1AZaiKZ5+GICq0/1MH/mO/eAJHt/mHW1zjKBJd7kV26SrxddAhiw=="
      },
      "System.Runtime.CompilerServices.Unsafe": {
        "type": "Transitive",
        "resolved": "4.5.3",
        "contentHash": "3TIsJhD1EiiT0w2CcDMN/iSSwnNnsrnbzeVHSKkaEgV85txMprmuO+Yq2AdSbeVGcg28pdNDTPK87tJhX7VFHw=="
      },
      "System.Runtime.Serialization.Primitives": {
        "type": "Transitive",
        "resolved": "4.3.0",
        "contentHash": "Wz+0KOukJGAlXjtKr+5Xpuxf8+c8739RI1C+A2BoQZT+wMCCoMDDdO8/4IRHfaVINqL78GO8dW8G2lW/e45Mcw=="
      },
      "System.Security.Cryptography.Algorithms": {
        "type": "Transitive",
        "resolved": "4.3.0",
        "contentHash": "W1kd2Y8mYSCgc3ULTAZ0hOP2dSdG5YauTb1089T0/kRcN2MpSAW1izOFROrJgxSlMn3ArsgHXagigyi+ibhevg==",
        "dependencies": {
          "System.IO": "4.3.0",
          "System.Runtime": "4.3.0",
          "System.Security.Cryptography.Encoding": "4.3.0",
          "System.Security.Cryptography.Primitives": "4.3.0"
        }
      },
      "System.Security.Cryptography.Encoding": {
        "type": "Transitive",
        "resolved": "4.3.0",
        "contentHash": "1DEWjZZly9ae9C79vFwqaO5kaOlI5q+3/55ohmq/7dpDyDfc8lYe7YVxJUZ5MF/NtbkRjwFRo14yM4OEo9EmDw=="
      },
      "System.Security.Cryptography.Primitives": {
        "type": "Transitive",
        "resolved": "4.3.0",
        "contentHash": "7bDIyVFNL/xKeFHjhobUAQqSpJq9YTOpbEs6mR233Et01STBMXNAc/V+BM6dwYGc95gVh/Zf+iVXWzj3mE8DWg=="
      },
      "System.Security.Cryptography.X509Certificates": {
        "type": "Transitive",
        "resolved": "4.3.0",
        "contentHash": "t2Tmu6Y2NtJ2um0RtcuhP7ZdNNxXEgUm2JeoA/0NvlMjAhKCnM1NX07TDl3244mVp3QU6LPEhT3HTtH1uF7IYw==",
        "dependencies": {
          "System.Security.Cryptography.Algorithms": "4.3.0",
          "System.Security.Cryptography.Encoding": "4.3.0"
        }
      },
      "System.Threading.Tasks.Extensions": {
        "type": "Transitive",
        "resolved": "4.5.4",
        "contentHash": "zteT+G8xuGu6mS+mzDzYXbzS7rd3K6Fjb9RiZlYlJPam2/hU7JCBZBVEcywNuR+oZ1ncTvc/cq0faRr3P01OVg==",
        "dependencies": {
          "System.Runtime.CompilerServices.Unsafe": "4.5.3"
        }
      },
      "System.ValueTuple": {
        "type": "Transitive",
        "resolved": "4.5.0",
        "contentHash": "okurQJO6NRE/apDIP23ajJ0hpiNmJ+f0BwOlB/cSqTLQlw5upkf+5+96+iG2Jw40G1fCVCyPz/FhIABUjMR+RQ=="
      },
      "Unity": {
        "type": "Transitive",
        "resolved": "2.1.505.2",
        "contentHash": "d26PDRpmJbymqjN2D/MIoKDuyg7SHM648hDcYm+ZKWyubglsfbmy7rfhNe5SIrmNOQjVzksmH9fGzk1wlrEDpw==",
        "dependencies": {
          "CommonServiceLocator": "1.0.0"
        }
      },
      "Unity.Interception": {
        "type": "Transitive",
        "resolved": "2.1.505.2",
        "contentHash": "a1wRsSvRQ/COV7wrgbjsSWAjGqTjwlHROF6ZyWLvSwWeo6tkpFi3+/d8LtuVaHfTg7iQQcdHT3QI+g5j7hjh5Q==",
        "dependencies": {
          "Unity": "2.1.0"
        }
      },
      "Common": {
        "type": "Project",
        "dependencies": {
          "Accord.Statistics": "[3.8.0, )",
          "MessagePack": "[1.7.3.7, )",
          "MessagePackAnalyzer": "[1.6.0, )",
          "NCDK": "[1.5.6, )",
          "Newtonsoft.Json": "[13.0.3, )",
          "System.Buffers": "[4.5.1, )",
          "System.Net.Http": "[4.3.4, )",
          "System.Reflection.Emit": "[4.7.0, )",
          "System.Reflection.Emit.Lightweight": "[4.7.0, )",
          "System.Runtime.Serialization.Primitives": "[4.3.0, )",
          "System.Threading.Tasks.Extensions": "[4.5.4, )",
          "System.ValueTuple": "[4.5.0, )"
        }
      },
      "commonmvvm": {
        "type": "Project",
        "dependencies": {
          "Common": "[1.0.0, )",
          "Microsoft.Xaml.Behaviors.Wpf": "[1.1.39, )"
        }
      },
      "monaexport": {
        "type": "Project",
        "dependencies": {
          "CommonMVVM": "[1.0.0, )",
          "Microsoft.Xaml.Behaviors.Wpf": "[1.1.39, )",
          "MonaRestApi": "[1.0.0, )",
          "Newtonsoft.Json": "[13.0.3, )"
        }
      },
      "monarestapi": {
        "type": "Project",
        "dependencies": {
          "EnterpriseLibrary.Common": "[5.0.505, )",
          "EnterpriseLibrary.Validation": "[5.0.505, )",
          "Microsoft.Net.Http": "[2.2.29, )",
          "Newtonsoft.Json": "[13.0.3, )",
          "Unity": "[2.1.505.2, )",
          "Unity.Interception": "[2.1.505.2, )"
        }
      },
      "ncdk": {
        "type": "Project",
        "dependencies": {
          "MathNet.Numerics.Signed": "[4.9.0, )"
        }
      }
    }
  }
}